
Microsoft Visual Studio Solution File, Format Version 12.00
# Visual Studio 2012
Project("{FAE04EC0-301F-11D3-BF4B-00C04F79EFBC}") = "HOO.Client", "HOO.Client\HOO.Client.csproj", "{500C3507-B21B-40CD-83AB-466F2A78830B}"
EndProject
Project("{FAE04EC0-301F-11D3-BF4B-00C04F79EFBC}") = "HOO.Core", "..\HOO.Core\HOO.Core.csproj", "{5928C43E-507A-4C68-847D-E0E64AA82BCC}"
EndProject
Global
	GlobalSection(SolutionConfigurationPlatforms) = preSolution
		Debug|Any CPU = Debug|Any CPU
		Release|Any CPU = Release|Any CPU
	EndGlobalSection
	GlobalSection(ProjectConfigurationPlatforms) = postSolution
		{500C3507-B21B-40CD-83AB-466F2A78830B}.Debug|Any CPU.ActiveCfg = Debug|Any CPU
		{500C3507-B21B-40CD-83AB-466F2A78830B}.Debug|Any CPU.Build.0 = Debug|Any CPU
		{500C3507-B21B-40CD-83AB-466F2A78830B}.Release|Any CPU.ActiveCfg = Release|Any CPU
		{500C3507-B21B-40CD-83AB-466F2A78830B}.Release|Any CPU.Build.0 = Release|Any CPU
		{5928C43E-507A-4C68-847D-E0E64AA82BCC}.Debug|Any CPU.ActiveCfg = Debug|Any CPU
		{5928C43E-507A-4C68-847D-E0E64AA82BCC}.Debug|Any CPU.Build.0 = Debug|Any CPU
		{5928C43E-507A-4C68-847D-E0E64AA82BCC}.Release|Any CPU.ActiveCfg = Release|Any CPU
		{5928C43E-507A-4C68-847D-E0E64AA82BCC}.Release|Any CPU.Build.0 = Release|Any CPU
	EndGlobalSection
	GlobalSection(SolutionProperties) = preSolution
		HideSolutionNode = FALSE
	EndGlobalSection
EndGlobal
