
Microsoft Visual Studio Solution File, Format Version 12.00
# Visual Studio 2012
Project("{FAE04EC0-301F-11D3-BF4B-00C04F79EFBC}") = "HOO.Client", "HOO.Client\HOO.Client.csproj", "{500C3507-B21B-40CD-83AB-466F2A78830B}"
EndProject
Project("{FAE04EC0-301F-11D3-BF4B-00C04F79EFBC}") = "HOO.Core", "..\HOO.Core\HOO.Core.csproj", "{5928C43E-507A-4C68-847D-E0E64AA82BCC}"
EndProject
Project("{FAE04EC0-301F-11D3-BF4B-00C04F79EFBC}") = "HOO.Admin", "..\HOO.Admin\HOO.Admin.csproj", "{534630F1-A785-4315-874D-054C8271A4E0}"
EndProject
Project("{FAE04EC0-301F-11D3-BF4B-00C04F79EFBC}") = "HOO.DB", "..\HOO.DB\HOO.DB.csproj", "{860CC894-C73E-4F79-8BDB-686A526B2795}"
EndProject
Project("{FAE04EC0-301F-11D3-BF4B-00C04F79EFBC}") = "HOO.Service", "..\HOO.Service\HOO.Service.csproj", "{DD2CF3E1-6445-443C-87CE-61A330D63195}"
EndProject
Project("{FAE04EC0-301F-11D3-BF4B-00C04F79EFBC}") = "HOO.ComLib", "..\HOO.ComLib\HOO.ComLib.csproj", "{5D59ED9C-C661-4154-879B-6C9F41395D1E}"
EndProject
Project("{FAE04EC0-301F-11D3-BF4B-00C04F79EFBC}") = "HOO.SvcLib", "..\HOO.SvcLib\HOO.SvcLib.csproj", "{9D28E876-59AA-4FF6-90CC-300D18EF8C34}"
EndProject
Global
	GlobalSection(SolutionConfigurationPlatforms) = preSolution
		Debug|Any CPU = Debug|Any CPU
		Release|Any CPU = Release|Any CPU
	EndGlobalSection
	GlobalSection(ProjectConfigurationPlatforms) = postSolution
		{500C3507-B21B-40CD-83AB-466F2A78830B}.Debug|Any CPU.ActiveCfg = Debug|Any CPU
		{500C3507-B21B-40CD-83AB-466F2A78830B}.Debug|Any CPU.Build.0 = Debug|Any CPU
		{500C3507-B21B-40CD-83AB-466F2A78830B}.Release|Any CPU.ActiveCfg = Release|Any CPU
		{500C3507-B21B-40CD-83AB-466F2A78830B}.Release|Any CPU.Build.0 = Release|Any CPU
		{534630F1-A785-4315-874D-054C8271A4E0}.Debug|Any CPU.ActiveCfg = Debug|Any CPU
		{534630F1-A785-4315-874D-054C8271A4E0}.Debug|Any CPU.Build.0 = Debug|Any CPU
		{534630F1-A785-4315-874D-054C8271A4E0}.Release|Any CPU.ActiveCfg = Release|Any CPU
		{534630F1-A785-4315-874D-054C8271A4E0}.Release|Any CPU.Build.0 = Release|Any CPU
		{5928C43E-507A-4C68-847D-E0E64AA82BCC}.Debug|Any CPU.ActiveCfg = Debug|Any CPU
		{5928C43E-507A-4C68-847D-E0E64AA82BCC}.Debug|Any CPU.Build.0 = Debug|Any CPU
		{5928C43E-507A-4C68-847D-E0E64AA82BCC}.Release|Any CPU.ActiveCfg = Release|Any CPU
		{5928C43E-507A-4C68-847D-E0E64AA82BCC}.Release|Any CPU.Build.0 = Release|Any CPU
		{5D59ED9C-C661-4154-879B-6C9F41395D1E}.Debug|Any CPU.ActiveCfg = Debug|Any CPU
		{5D59ED9C-C661-4154-879B-6C9F41395D1E}.Debug|Any CPU.Build.0 = Debug|Any CPU
		{5D59ED9C-C661-4154-879B-6C9F41395D1E}.Release|Any CPU.ActiveCfg = Release|Any CPU
		{5D59ED9C-C661-4154-879B-6C9F41395D1E}.Release|Any CPU.Build.0 = Release|Any CPU
		{860CC894-C73E-4F79-8BDB-686A526B2795}.Debug|Any CPU.ActiveCfg = Debug|Any CPU
		{860CC894-C73E-4F79-8BDB-686A526B2795}.Debug|Any CPU.Build.0 = Debug|Any CPU
		{860CC894-C73E-4F79-8BDB-686A526B2795}.Release|Any CPU.ActiveCfg = Release|Any CPU
		{860CC894-C73E-4F79-8BDB-686A526B2795}.Release|Any CPU.Build.0 = Release|Any CPU
		{9D28E876-59AA-4FF6-90CC-300D18EF8C34}.Debug|Any CPU.ActiveCfg = Debug|Any CPU
		{9D28E876-59AA-4FF6-90CC-300D18EF8C34}.Debug|Any CPU.Build.0 = Debug|Any CPU
		{9D28E876-59AA-4FF6-90CC-300D18EF8C34}.Release|Any CPU.ActiveCfg = Release|Any CPU
		{9D28E876-59AA-4FF6-90CC-300D18EF8C34}.Release|Any CPU.Build.0 = Release|Any CPU
		{DD2CF3E1-6445-443C-87CE-61A330D63195}.Debug|Any CPU.ActiveCfg = Debug|Any CPU
		{DD2CF3E1-6445-443C-87CE-61A330D63195}.Debug|Any CPU.Build.0 = Debug|Any CPU
		{DD2CF3E1-6445-443C-87CE-61A330D63195}.Release|Any CPU.ActiveCfg = Release|Any CPU
		{DD2CF3E1-6445-443C-87CE-61A330D63195}.Release|Any CPU.Build.0 = Release|Any CPU
	EndGlobalSection
	GlobalSection(MonoDevelopProperties) = preSolution
		StartupItem = ..\HOO.Admin\HOO.Admin.csproj
	EndGlobalSection
	GlobalSection(SolutionProperties) = preSolution
		HideSolutionNode = FALSE
	EndGlobalSection
EndGlobal
